
Microsoft Visual Studio Solution File, Format Version 12.00
# Visual Studio Version 17
VisualStudioVersion = 17.9.34728.123
MinimumVisualStudioVersion = 10.0.40219.1
Project("{9A19103F-16F7-4668-BE54-9A1E7A4F7556}") = "EnovaBenchmarker", "EnovaBenchmarker\EnovaBenchmarker.csproj", "{E6C429F5-A780-4A8F-9B59-9065FB30CF66}"
EndProject
Global
	GlobalSection(SolutionConfigurationPlatforms) = preSolution
		Debug|Any CPU = Debug|Any CPU
		Release|Any CPU = Release|Any CPU
	EndGlobalSection
	GlobalSection(ProjectConfigurationPlatforms) = postSolution
		{E6C429F5-A780-4A8F-9B59-9065FB30CF66}.Debug|Any CPU.ActiveCfg = Debug|Any CPU
		{E6C429F5-A780-4A8F-9B59-9065FB30CF66}.Debug|Any CPU.Build.0 = Debug|Any CPU
		{E6C429F5-A780-4A8F-9B59-9065FB30CF66}.Release|Any CPU.ActiveCfg = Release|Any CPU
		{E6C429F5-A780-4A8F-9B59-9065FB30CF66}.Release|Any CPU.Build.0 = Release|Any CPU
	EndGlobalSection
	GlobalSection(SolutionProperties) = preSolution
		HideSolutionNode = FALSE
	EndGlobalSection
	GlobalSection(ExtensibilityGlobals) = postSolution
		SolutionGuid = {46EC4D45-1011-4D5F-A1A2-1AEC889EE66E}
	EndGlobalSection
EndGlobal
